
Microsoft Visual Studio Solution File, Format Version 12.00
# Visual Studio Version 16
VisualStudioVersion = 16.0.31424.327
MinimumVisualStudioVersion = 10.0.40219.1
Project("{FAE04EC0-301F-11D3-BF4B-00C04F79EFBC}") = "BlazorGauge", "BlazorGauge\BlazorGauge.csproj", "{C045A092-AA24-4856-BE99-3D5A356425D3}"
EndProject
Global
	GlobalSection(SolutionConfigurationPlatforms) = preSolution
		Debug|Any CPU = Debug|Any CPU
		Release|Any CPU = Release|Any CPU
	EndGlobalSection
	GlobalSection(ProjectConfigurationPlatforms) = postSolution
		{C045A092-AA24-4856-BE99-3D5A356425D3}.Debug|Any CPU.ActiveCfg = Debug|Any CPU
		{C045A092-AA24-4856-BE99-3D5A356425D3}.Debug|Any CPU.Build.0 = Debug|Any CPU
		{C045A092-AA24-4856-BE99-3D5A356425D3}.Release|Any CPU.ActiveCfg = Release|Any CPU
		{C045A092-AA24-4856-BE99-3D5A356425D3}.Release|Any CPU.Build.0 = Release|Any CPU
	EndGlobalSection
	GlobalSection(SolutionProperties) = preSolution
		HideSolutionNode = FALSE
	EndGlobalSection
	GlobalSection(ExtensibilityGlobals) = postSolution
		SolutionGuid = {BE55C496-E2EB-43E0-ABAE-7F3930651B42}
	EndGlobalSection
EndGlobal
